// !$*UTF8*$!
{
	archiveVersion = 1;
	classes = {
	};
	objectVersion = 50;
	objects = {

/* Begin PBXBuildFile section */
		7922F02A250D07A5000D01DF /* ForecastViewModel.swift in Sources */ = {isa = PBXBuildFile; fileRef = 7922F029250D07A5000D01DF /* ForecastViewModel.swift */; };
		7922F02C250D0871000D01DF /* ForecastsViewModel.swift in Sources */ = {isa = PBXBuildFile; fileRef = 7922F02B250D0871000D01DF /* ForecastsViewModel.swift */; };
		793CAD682572D10B004F345A /* PointModel.swift in Sources */ = {isa = PBXBuildFile; fileRef = 793CAD672572D10B004F345A /* PointModel.swift */; };
		793CAD6B2572D1A3004F345A /* ForecastModel.swift in Sources */ = {isa = PBXBuildFile; fileRef = 793CAD6A2572D1A3004F345A /* ForecastModel.swift */; };
		793CAD762572D509004F345A /* ForecastEntity.swift in Sources */ = {isa = PBXBuildFile; fileRef = 793CAD752572D509004F345A /* ForecastEntity.swift */; };
		793CAD7C2572D603004F345A /* WeatherRepositoryProtocol.swift in Sources */ = {isa = PBXBuildFile; fileRef = 793CAD7B2572D603004F345A /* WeatherRepositoryProtocol.swift */; };
		793CAD832572E2DA004F345A /* AppleGeocoderService.swift in Sources */ = {isa = PBXBuildFile; fileRef = 793CAD822572E2DA004F345A /* AppleGeocoderService.swift */; };
		793CAD872572EFBA004F345A /* WeatherService.swift in Sources */ = {isa = PBXBuildFile; fileRef = 793CAD862572EFBA004F345A /* WeatherService.swift */; };
		793CAD8C2572F032004F345A /* LocationService.swift in Sources */ = {isa = PBXBuildFile; fileRef = 793CAD8B2572F032004F345A /* LocationService.swift */; };
		793CAD912572F07A004F345A /* GeocoderService.swift in Sources */ = {isa = PBXBuildFile; fileRef = 793CAD902572F07A004F345A /* GeocoderService.swift */; };
		793CAD992572F455004F345A /* WeatherRepository.swift in Sources */ = {isa = PBXBuildFile; fileRef = 793CAD982572F455004F345A /* WeatherRepository.swift */; };
		793CAD9C2572FB89004F345A /* NOAAWatherService.swift in Sources */ = {isa = PBXBuildFile; fileRef = 793CAD9B2572FB89004F345A /* NOAAWatherService.swift */; };
		793CADA125730134004F345A /* WeatherBusinessLogic.swift in Sources */ = {isa = PBXBuildFile; fileRef = 793CADA025730134004F345A /* WeatherBusinessLogic.swift */; };
		7950FFEB255F802F00BBE8FC /* AppleLocationService.swift in Sources */ = {isa = PBXBuildFile; fileRef = 7950FFEA255F802F00BBE8FC /* AppleLocationService.swift */; };
		7965FB56250E7EDF0099FDE6 /* UpdateView.swift in Sources */ = {isa = PBXBuildFile; fileRef = 7965FB55250E7EDF0099FDE6 /* UpdateView.swift */; };
		798212CB250BF86B0035BB55 /* WeatherApp.swift in Sources */ = {isa = PBXBuildFile; fileRef = 798212CA250BF86B0035BB55 /* WeatherApp.swift */; };
		798212CD250BF86B0035BB55 /* ContentView.swift in Sources */ = {isa = PBXBuildFile; fileRef = 798212CC250BF86B0035BB55 /* ContentView.swift */; };
		798212CF250BF86C0035BB55 /* Assets.xcassets in Resources */ = {isa = PBXBuildFile; fileRef = 798212CE250BF86C0035BB55 /* Assets.xcassets */; };
		798212D2250BF86C0035BB55 /* Preview Assets.xcassets in Resources */ = {isa = PBXBuildFile; fileRef = 798212D1250BF86C0035BB55 /* Preview Assets.xcassets */; };
		7987CD26250CFE98001143FF /* ForecastView.swift in Sources */ = {isa = PBXBuildFile; fileRef = 7987CD25250CFE98001143FF /* ForecastView.swift */; };
		79D2AB2A257340AC005E718C /* CLLocationCoordinate2D.swift in Sources */ = {isa = PBXBuildFile; fileRef = 79D2AB29257340AC005E718C /* CLLocationCoordinate2D.swift */; };
		79D2AB2D25736443005E718C /* Future.swift in Sources */ = {isa = PBXBuildFile; fileRef = 79D2AB2C25736443005E718C /* Future.swift */; };
		79FD2CFC250E488500298471 /* ForecastsView.swift in Sources */ = {isa = PBXBuildFile; fileRef = 79FD2CFB250E488500298471 /* ForecastsView.swift */; };
/* End PBXBuildFile section */

/* Begin PBXFileReference section */
		7922F029250D07A5000D01DF /* ForecastViewModel.swift */ = {isa = PBXFileReference; lastKnownFileType = sourcecode.swift; path = ForecastViewModel.swift; sourceTree = "<group>"; };
		7922F02B250D0871000D01DF /* ForecastsViewModel.swift */ = {isa = PBXFileReference; lastKnownFileType = sourcecode.swift; path = ForecastsViewModel.swift; sourceTree = "<group>"; };
		793CAD672572D10B004F345A /* PointModel.swift */ = {isa = PBXFileReference; lastKnownFileType = sourcecode.swift; path = PointModel.swift; sourceTree = "<group>"; };
		793CAD6A2572D1A3004F345A /* ForecastModel.swift */ = {isa = PBXFileReference; lastKnownFileType = sourcecode.swift; path = ForecastModel.swift; sourceTree = "<group>"; };
		793CAD752572D509004F345A /* ForecastEntity.swift */ = {isa = PBXFileReference; lastKnownFileType = sourcecode.swift; path = ForecastEntity.swift; sourceTree = "<group>"; };
		793CAD7B2572D603004F345A /* WeatherRepositoryProtocol.swift */ = {isa = PBXFileReference; lastKnownFileType = sourcecode.swift; path = WeatherRepositoryProtocol.swift; sourceTree = "<group>"; };
		793CAD822572E2DA004F345A /* AppleGeocoderService.swift */ = {isa = PBXFileReference; lastKnownFileType = sourcecode.swift; path = AppleGeocoderService.swift; sourceTree = "<group>"; };
		793CAD862572EFBA004F345A /* WeatherService.swift */ = {isa = PBXFileReference; lastKnownFileType = sourcecode.swift; path = WeatherService.swift; sourceTree = "<group>"; };
		793CAD8B2572F032004F345A /* LocationService.swift */ = {isa = PBXFileReference; lastKnownFileType = sourcecode.swift; path = LocationService.swift; sourceTree = "<group>"; };
		793CAD902572F07A004F345A /* GeocoderService.swift */ = {isa = PBXFileReference; lastKnownFileType = sourcecode.swift; path = GeocoderService.swift; sourceTree = "<group>"; };
		793CAD982572F455004F345A /* WeatherRepository.swift */ = {isa = PBXFileReference; lastKnownFileType = sourcecode.swift; path = WeatherRepository.swift; sourceTree = "<group>"; };
		793CAD9B2572FB89004F345A /* NOAAWatherService.swift */ = {isa = PBXFileReference; lastKnownFileType = sourcecode.swift; path = NOAAWatherService.swift; sourceTree = "<group>"; };
		793CADA025730134004F345A /* WeatherBusinessLogic.swift */ = {isa = PBXFileReference; lastKnownFileType = sourcecode.swift; path = WeatherBusinessLogic.swift; sourceTree = "<group>"; };
		7950FFEA255F802F00BBE8FC /* AppleLocationService.swift */ = {isa = PBXFileReference; lastKnownFileType = sourcecode.swift; path = AppleLocationService.swift; sourceTree = "<group>"; };
		7965FB55250E7EDF0099FDE6 /* UpdateView.swift */ = {isa = PBXFileReference; lastKnownFileType = sourcecode.swift; path = UpdateView.swift; sourceTree = "<group>"; };
		798212C7250BF86B0035BB55 /* WeatherApp.app */ = {isa = PBXFileReference; explicitFileType = wrapper.application; includeInIndex = 0; path = WeatherApp.app; sourceTree = BUILT_PRODUCTS_DIR; };
		798212CA250BF86B0035BB55 /* WeatherApp.swift */ = {isa = PBXFileReference; lastKnownFileType = sourcecode.swift; path = WeatherApp.swift; sourceTree = "<group>"; };
		798212CC250BF86B0035BB55 /* ContentView.swift */ = {isa = PBXFileReference; lastKnownFileType = sourcecode.swift; path = ContentView.swift; sourceTree = "<group>"; };
		798212CE250BF86C0035BB55 /* Assets.xcassets */ = {isa = PBXFileReference; lastKnownFileType = folder.assetcatalog; path = Assets.xcassets; sourceTree = "<group>"; };
		798212D1250BF86C0035BB55 /* Preview Assets.xcassets */ = {isa = PBXFileReference; lastKnownFileType = folder.assetcatalog; path = "Preview Assets.xcassets"; sourceTree = "<group>"; };
		798212D3250BF86C0035BB55 /* Info.plist */ = {isa = PBXFileReference; lastKnownFileType = text.plist.xml; path = Info.plist; sourceTree = "<group>"; };
		7987CD25250CFE98001143FF /* ForecastView.swift */ = {isa = PBXFileReference; lastKnownFileType = sourcecode.swift; path = ForecastView.swift; sourceTree = "<group>"; };
		79D2AB29257340AC005E718C /* CLLocationCoordinate2D.swift */ = {isa = PBXFileReference; lastKnownFileType = sourcecode.swift; path = CLLocationCoordinate2D.swift; sourceTree = "<group>"; };
		79D2AB2C25736443005E718C /* Future.swift */ = {isa = PBXFileReference; lastKnownFileType = sourcecode.swift; path = Future.swift; sourceTree = "<group>"; };
		79FD2CFB250E488500298471 /* ForecastsView.swift */ = {isa = PBXFileReference; lastKnownFileType = sourcecode.swift; path = ForecastsView.swift; sourceTree = "<group>"; };
/* End PBXFileReference section */

/* Begin PBXFrameworksBuildPhase section */
		798212C4250BF86B0035BB55 /* Frameworks */ = {
			isa = PBXFrameworksBuildPhase;
			buildActionMask = 2147483647;
			files = (
			);
			runOnlyForDeploymentPostprocessing = 0;
		};
/* End PBXFrameworksBuildPhase section */

/* Begin PBXGroup section */
		7906E621250C067D00046E1F /* Services */ = {
			isa = PBXGroup;
			children = (
				793CAD8A2572F01F004F345A /* Protocols */,
				7950FFE9255F801900BBE8FC /* AppleLocation */,
				793CAD662572D0E4004F345A /* NOAAWeather */,
			);
			path = Services;
			sourceTree = "<group>";
		};
		793CAD662572D0E4004F345A /* NOAAWeather */ = {
			isa = PBXGroup;
			children = (
				793CAD9B2572FB89004F345A /* NOAAWatherService.swift */,
				793CAD6D2572D237004F345A /* Models */,
			);
			path = NOAAWeather;
			sourceTree = "<group>";
		};
		793CAD6D2572D237004F345A /* Models */ = {
			isa = PBXGroup;
			children = (
				793CAD672572D10B004F345A /* PointModel.swift */,
				793CAD6A2572D1A3004F345A /* ForecastModel.swift */,
			);
			path = Models;
			sourceTree = "<group>";
		};
		793CAD6E2572D458004F345A /* Entities */ = {
			isa = PBXGroup;
			children = (
				793CAD752572D509004F345A /* ForecastEntity.swift */,
			);
			path = Entities;
			sourceTree = "<group>";
		};
		793CAD7A2572D5E5004F345A /* Repositories */ = {
			isa = PBXGroup;
			children = (
				793CAD7B2572D603004F345A /* WeatherRepositoryProtocol.swift */,
				793CAD982572F455004F345A /* WeatherRepository.swift */,
			);
			path = Repositories;
			sourceTree = "<group>";
		};
		793CAD8A2572F01F004F345A /* Protocols */ = {
			isa = PBXGroup;
			children = (
				793CAD862572EFBA004F345A /* WeatherService.swift */,
				793CAD8B2572F032004F345A /* LocationService.swift */,
				793CAD902572F07A004F345A /* GeocoderService.swift */,
			);
			path = Protocols;
			sourceTree = "<group>";
		};
		793CAD9F2573011E004F345A /* Business Logic */ = {
			isa = PBXGroup;
			children = (
				793CADA025730134004F345A /* WeatherBusinessLogic.swift */,
			);
			path = "Business Logic";
			sourceTree = "<group>";
		};
		7950FFE9255F801900BBE8FC /* AppleLocation */ = {
			isa = PBXGroup;
			children = (
				7950FFEA255F802F00BBE8FC /* AppleLocationService.swift */,
				793CAD822572E2DA004F345A /* AppleGeocoderService.swift */,
			);
			path = AppleLocation;
			sourceTree = "<group>";
		};
		798212BE250BF86B0035BB55 = {
			isa = PBXGroup;
			children = (
				798212C9250BF86B0035BB55 /* WeatherApp */,
				798212C8250BF86B0035BB55 /* Products */,
			);
			sourceTree = "<group>";
		};
		798212C8250BF86B0035BB55 /* Products */ = {
			isa = PBXGroup;
			children = (
				798212C7250BF86B0035BB55 /* WeatherApp.app */,
			);
			name = Products;
			sourceTree = "<group>";
		};
		798212C9250BF86B0035BB55 /* WeatherApp */ = {
			isa = PBXGroup;
			children = (
				798212CA250BF86B0035BB55 /* WeatherApp.swift */,
				79D2AB2525733EA2005E718C /* Presentation */,
				79D2AB2625733EBE005E718C /* Domain */,
				79D2AB2725733EDF005E718C /* Data */,
				79D2AB282573405F005E718C /* Utilities */,
				798212CE250BF86C0035BB55 /* Assets.xcassets */,
				798212D3250BF86C0035BB55 /* Info.plist */,
				798212D0250BF86C0035BB55 /* Preview Content */,
			);
			path = WeatherApp;
			sourceTree = "<group>";
		};
		798212D0250BF86C0035BB55 /* Preview Content */ = {
			isa = PBXGroup;
			children = (
				798212D1250BF86C0035BB55 /* Preview Assets.xcassets */,
			);
			path = "Preview Content";
			sourceTree = "<group>";
		};
		79D2AB2525733EA2005E718C /* Presentation */ = {
			isa = PBXGroup;
			children = (
				79FD2CFD250E4D0600298471 /* Views */,
				79FD2CFE250E4D1000298471 /* ViewModels */,
			);
			path = Presentation;
			sourceTree = "<group>";
		};
		79D2AB2625733EBE005E718C /* Domain */ = {
			isa = PBXGroup;
			children = (
				793CAD9F2573011E004F345A /* Business Logic */,
				793CAD6E2572D458004F345A /* Entities */,
			);
			path = Domain;
			sourceTree = "<group>";
		};
		79D2AB2725733EDF005E718C /* Data */ = {
			isa = PBXGroup;
			children = (
				793CAD7A2572D5E5004F345A /* Repositories */,
				7906E621250C067D00046E1F /* Services */,
			);
			path = Data;
			sourceTree = "<group>";
		};
		79D2AB282573405F005E718C /* Utilities */ = {
			isa = PBXGroup;
			children = (
				79D2AB29257340AC005E718C /* CLLocationCoordinate2D.swift */,
				79D2AB2C25736443005E718C /* Future.swift */,
			);
			path = Utilities;
			sourceTree = "<group>";
		};
		79FD2CFD250E4D0600298471 /* Views */ = {
			isa = PBXGroup;
			children = (
				798212CC250BF86B0035BB55 /* ContentView.swift */,
				79FD2CFB250E488500298471 /* ForecastsView.swift */,
				7987CD25250CFE98001143FF /* ForecastView.swift */,
				7965FB55250E7EDF0099FDE6 /* UpdateView.swift */,
			);
			path = Views;
			sourceTree = "<group>";
		};
		79FD2CFE250E4D1000298471 /* ViewModels */ = {
			isa = PBXGroup;
			children = (
				7922F02B250D0871000D01DF /* ForecastsViewModel.swift */,
				7922F029250D07A5000D01DF /* ForecastViewModel.swift */,
			);
			path = ViewModels;
			sourceTree = "<group>";
		};
/* End PBXGroup section */

/* Begin PBXNativeTarget section */
		798212C6250BF86B0035BB55 /* WeatherApp */ = {
			isa = PBXNativeTarget;
			buildConfigurationList = 798212D6250BF86C0035BB55 /* Build configuration list for PBXNativeTarget "WeatherApp" */;
			buildPhases = (
				798212C3250BF86B0035BB55 /* Sources */,
				798212C4250BF86B0035BB55 /* Frameworks */,
				798212C5250BF86B0035BB55 /* Resources */,
			);
			buildRules = (
			);
			dependencies = (
			);
			name = WeatherApp;
			productName = WeatherApp;
			productReference = 798212C7250BF86B0035BB55 /* WeatherApp.app */;
			productType = "com.apple.product-type.application";
		};
/* End PBXNativeTarget section */

/* Begin PBXProject section */
		798212BF250BF86B0035BB55 /* Project object */ = {
			isa = PBXProject;
			attributes = {
				LastSwiftUpdateCheck = 1200;
				LastUpgradeCheck = 1200;
				TargetAttributes = {
					798212C6250BF86B0035BB55 = {
						CreatedOnToolsVersion = 12.0;
					};
				};
			};
			buildConfigurationList = 798212C2250BF86B0035BB55 /* Build configuration list for PBXProject "WeatherApp" */;
			compatibilityVersion = "Xcode 9.3";
			developmentRegion = en;
			hasScannedForEncodings = 0;
			knownRegions = (
				en,
				Base,
			);
			mainGroup = 798212BE250BF86B0035BB55;
			productRefGroup = 798212C8250BF86B0035BB55 /* Products */;
			projectDirPath = "";
			projectRoot = "";
			targets = (
				798212C6250BF86B0035BB55 /* WeatherApp */,
			);
		};
/* End PBXProject section */

/* Begin PBXResourcesBuildPhase section */
		798212C5250BF86B0035BB55 /* Resources */ = {
			isa = PBXResourcesBuildPhase;
			buildActionMask = 2147483647;
			files = (
				798212D2250BF86C0035BB55 /* Preview Assets.xcassets in Resources */,
				798212CF250BF86C0035BB55 /* Assets.xcassets in Resources */,
			);
			runOnlyForDeploymentPostprocessing = 0;
		};
/* End PBXResourcesBuildPhase section */

/* Begin PBXSourcesBuildPhase section */
		798212C3250BF86B0035BB55 /* Sources */ = {
			isa = PBXSourcesBuildPhase;
			buildActionMask = 2147483647;
			files = (
				793CAD992572F455004F345A /* WeatherRepository.swift in Sources */,
				793CAD912572F07A004F345A /* GeocoderService.swift in Sources */,
				798212CD250BF86B0035BB55 /* ContentView.swift in Sources */,
				793CAD8C2572F032004F345A /* LocationService.swift in Sources */,
				7965FB56250E7EDF0099FDE6 /* UpdateView.swift in Sources */,
				798212CB250BF86B0035BB55 /* WeatherApp.swift in Sources */,
				7950FFEB255F802F00BBE8FC /* AppleLocationService.swift in Sources */,
				79D2AB2D25736443005E718C /* Future.swift in Sources */,
				793CAD7C2572D603004F345A /* WeatherRepositoryProtocol.swift in Sources */,
				793CAD6B2572D1A3004F345A /* ForecastModel.swift in Sources */,
				7987CD26250CFE98001143FF /* ForecastView.swift in Sources */,
				793CAD872572EFBA004F345A /* WeatherService.swift in Sources */,
				793CAD762572D509004F345A /* ForecastEntity.swift in Sources */,
				7922F02A250D07A5000D01DF /* ForecastViewModel.swift in Sources */,
				793CAD832572E2DA004F345A /* AppleGeocoderService.swift in Sources */,
				79FD2CFC250E488500298471 /* ForecastsView.swift in Sources */,
				7922F02C250D0871000D01DF /* ForecastsViewModel.swift in Sources */,
				793CADA125730134004F345A /* WeatherBusinessLogic.swift in Sources */,
				793CAD9C2572FB89004F345A /* NOAAWatherService.swift in Sources */,
				793CAD682572D10B004F345A /* PointModel.swift in Sources */,
				79D2AB2A257340AC005E718C /* CLLocationCoordinate2D.swift in Sources */,
			);
			runOnlyForDeploymentPostprocessing = 0;
		};
/* End PBXSourcesBuildPhase section */

/* Begin XCBuildConfiguration section */
		798212D4250BF86C0035BB55 /* Debug */ = {
			isa = XCBuildConfiguration;
			buildSettings = {
				ALWAYS_SEARCH_USER_PATHS = NO;
				CLANG_ANALYZER_NONNULL = YES;
				CLANG_ANALYZER_NUMBER_OBJECT_CONVERSION = YES_AGGRESSIVE;
				CLANG_CXX_LANGUAGE_STANDARD = "gnu++14";
				CLANG_CXX_LIBRARY = "libc++";
				CLANG_ENABLE_MODULES = YES;
				CLANG_ENABLE_OBJC_ARC = YES;
				CLANG_ENABLE_OBJC_WEAK = YES;
				CLANG_WARN_BLOCK_CAPTURE_AUTORELEASING = YES;
				CLANG_WARN_BOOL_CONVERSION = YES;
				CLANG_WARN_COMMA = YES;
				CLANG_WARN_CONSTANT_CONVERSION = YES;
				CLANG_WARN_DEPRECATED_OBJC_IMPLEMENTATIONS = YES;
				CLANG_WARN_DIRECT_OBJC_ISA_USAGE = YES_ERROR;
				CLANG_WARN_DOCUMENTATION_COMMENTS = YES;
				CLANG_WARN_EMPTY_BODY = YES;
				CLANG_WARN_ENUM_CONVERSION = YES;
				CLANG_WARN_INFINITE_RECURSION = YES;
				CLANG_WARN_INT_CONVERSION = YES;
				CLANG_WARN_NON_LITERAL_NULL_CONVERSION = YES;
				CLANG_WARN_OBJC_IMPLICIT_RETAIN_SELF = YES;
				CLANG_WARN_OBJC_LITERAL_CONVERSION = YES;
				CLANG_WARN_OBJC_ROOT_CLASS = YES_ERROR;
				CLANG_WARN_QUOTED_INCLUDE_IN_FRAMEWORK_HEADER = YES;
				CLANG_WARN_RANGE_LOOP_ANALYSIS = YES;
				CLANG_WARN_STRICT_PROTOTYPES = YES;
				CLANG_WARN_SUSPICIOUS_MOVE = YES;
				CLANG_WARN_UNGUARDED_AVAILABILITY = YES_AGGRESSIVE;
				CLANG_WARN_UNREACHABLE_CODE = YES;
				CLANG_WARN__DUPLICATE_METHOD_MATCH = YES;
				COPY_PHASE_STRIP = NO;
				DEBUG_INFORMATION_FORMAT = dwarf;
				ENABLE_STRICT_OBJC_MSGSEND = YES;
				ENABLE_TESTABILITY = YES;
				GCC_C_LANGUAGE_STANDARD = gnu11;
				GCC_DYNAMIC_NO_PIC = NO;
				GCC_NO_COMMON_BLOCKS = YES;
				GCC_OPTIMIZATION_LEVEL = 0;
				GCC_PREPROCESSOR_DEFINITIONS = (
					"DEBUG=1",
					"$(inherited)",
				);
				GCC_WARN_64_TO_32_BIT_CONVERSION = YES;
				GCC_WARN_ABOUT_RETURN_TYPE = YES_ERROR;
				GCC_WARN_UNDECLARED_SELECTOR = YES;
				GCC_WARN_UNINITIALIZED_AUTOS = YES_AGGRESSIVE;
				GCC_WARN_UNUSED_FUNCTION = YES;
				GCC_WARN_UNUSED_VARIABLE = YES;
				IPHONEOS_DEPLOYMENT_TARGET = 14.0;
				MTL_ENABLE_DEBUG_INFO = INCLUDE_SOURCE;
				MTL_FAST_MATH = YES;
				ONLY_ACTIVE_ARCH = YES;
				SDKROOT = iphoneos;
				SWIFT_ACTIVE_COMPILATION_CONDITIONS = DEBUG;
				SWIFT_OPTIMIZATION_LEVEL = "-Onone";
			};
			name = Debug;
		};
		798212D5250BF86C0035BB55 /* Release */ = {
			isa = XCBuildConfiguration;
			buildSettings = {
				ALWAYS_SEARCH_USER_PATHS = NO;
				CLANG_ANALYZER_NONNULL = YES;
				CLANG_ANALYZER_NUMBER_OBJECT_CONVERSION = YES_AGGRESSIVE;
				CLANG_CXX_LANGUAGE_STANDARD = "gnu++14";
				CLANG_CXX_LIBRARY = "libc++";
				CLANG_ENABLE_MODULES = YES;
				CLANG_ENABLE_OBJC_ARC = YES;
				CLANG_ENABLE_OBJC_WEAK = YES;
				CLANG_WARN_BLOCK_CAPTURE_AUTORELEASING = YES;
				CLANG_WARN_BOOL_CONVERSION = YES;
				CLANG_WARN_COMMA = YES;
				CLANG_WARN_CONSTANT_CONVERSION = YES;
				CLANG_WARN_DEPRECATED_OBJC_IMPLEMENTATIONS = YES;
				CLANG_WARN_DIRECT_OBJC_ISA_USAGE = YES_ERROR;
				CLANG_WARN_DOCUMENTATION_COMMENTS = YES;
				CLANG_WARN_EMPTY_BODY = YES;
				CLANG_WARN_ENUM_CONVERSION = YES;
				CLANG_WARN_INFINITE_RECURSION = YES;
				CLANG_WARN_INT_CONVERSION = YES;
				CLANG_WARN_NON_LITERAL_NULL_CONVERSION = YES;
				CLANG_WARN_OBJC_IMPLICIT_RETAIN_SELF = YES;
				CLANG_WARN_OBJC_LITERAL_CONVERSION = YES;
				CLANG_WARN_OBJC_ROOT_CLASS = YES_ERROR;
				CLANG_WARN_QUOTED_INCLUDE_IN_FRAMEWORK_HEADER = YES;
				CLANG_WARN_RANGE_LOOP_ANALYSIS = YES;
				CLANG_WARN_STRICT_PROTOTYPES = YES;
				CLANG_WARN_SUSPICIOUS_MOVE = YES;
				CLANG_WARN_UNGUARDED_AVAILABILITY = YES_AGGRESSIVE;
				CLANG_WARN_UNREACHABLE_CODE = YES;
				CLANG_WARN__DUPLICATE_METHOD_MATCH = YES;
				COPY_PHASE_STRIP = NO;
				DEBUG_INFORMATION_FORMAT = "dwarf-with-dsym";
				ENABLE_NS_ASSERTIONS = NO;
				ENABLE_STRICT_OBJC_MSGSEND = YES;
				GCC_C_LANGUAGE_STANDARD = gnu11;
				GCC_NO_COMMON_BLOCKS = YES;
				GCC_WARN_64_TO_32_BIT_CONVERSION = YES;
				GCC_WARN_ABOUT_RETURN_TYPE = YES_ERROR;
				GCC_WARN_UNDECLARED_SELECTOR = YES;
				GCC_WARN_UNINITIALIZED_AUTOS = YES_AGGRESSIVE;
				GCC_WARN_UNUSED_FUNCTION = YES;
				GCC_WARN_UNUSED_VARIABLE = YES;
				IPHONEOS_DEPLOYMENT_TARGET = 14.0;
				MTL_ENABLE_DEBUG_INFO = NO;
				MTL_FAST_MATH = YES;
				SDKROOT = iphoneos;
				SWIFT_COMPILATION_MODE = wholemodule;
				SWIFT_OPTIMIZATION_LEVEL = "-O";
				VALIDATE_PRODUCT = YES;
			};
			name = Release;
		};
		798212D7250BF86C0035BB55 /* Debug */ = {
			isa = XCBuildConfiguration;
			buildSettings = {
				ASSETCATALOG_COMPILER_APPICON_NAME = AppIcon;
				ASSETCATALOG_COMPILER_GLOBAL_ACCENT_COLOR_NAME = AccentColor;
				CODE_SIGN_STYLE = Automatic;
				DEVELOPMENT_ASSET_PATHS = "\"WeatherApp/Preview Content\"";
				DEVELOPMENT_TEAM = 7X4UBY9PU5;
				ENABLE_PREVIEWS = YES;
				INFOPLIST_FILE = WeatherApp/Info.plist;
				IPHONEOS_DEPLOYMENT_TARGET = 14.0;
				LD_RUNPATH_SEARCH_PATHS = (
					"$(inherited)",
					"@executable_path/Frameworks",
				);
				PRODUCT_BUNDLE_IDENTIFIER = spitz.ayal.WeatherApp;
				PRODUCT_NAME = "$(TARGET_NAME)";
				SWIFT_VERSION = 5.0;
				TARGETED_DEVICE_FAMILY = "1,2";
			};
			name = Debug;
		};
		798212D8250BF86C0035BB55 /* Release */ = {
			isa = XCBuildConfiguration;
			buildSettings = {
				ASSETCATALOG_COMPILER_APPICON_NAME = AppIcon;
				ASSETCATALOG_COMPILER_GLOBAL_ACCENT_COLOR_NAME = AccentColor;
				CODE_SIGN_STYLE = Automatic;
				DEVELOPMENT_ASSET_PATHS = "\"WeatherApp/Preview Content\"";
				DEVELOPMENT_TEAM = 7X4UBY9PU5;
				ENABLE_PREVIEWS = YES;
				INFOPLIST_FILE = WeatherApp/Info.plist;
				IPHONEOS_DEPLOYMENT_TARGET = 14.0;
				LD_RUNPATH_SEARCH_PATHS = (
					"$(inherited)",
					"@executable_path/Frameworks",
				);
				PRODUCT_BUNDLE_IDENTIFIER = spitz.ayal.WeatherApp;
				PRODUCT_NAME = "$(TARGET_NAME)";
				SWIFT_VERSION = 5.0;
				TARGETED_DEVICE_FAMILY = "1,2";
			};
			name = Release;
		};
/* End XCBuildConfiguration section */

/* Begin XCConfigurationList section */
		798212C2250BF86B0035BB55 /* Build configuration list for PBXProject "WeatherApp" */ = {
			isa = XCConfigurationList;
			buildConfigurations = (
				798212D4250BF86C0035BB55 /* Debug */,
				798212D5250BF86C0035BB55 /* Release */,
			);
			defaultConfigurationIsVisible = 0;
			defaultConfigurationName = Release;
		};
		798212D6250BF86C0035BB55 /* Build configuration list for PBXNativeTarget "WeatherApp" */ = {
			isa = XCConfigurationList;
			buildConfigurations = (
				798212D7250BF86C0035BB55 /* Debug */,
				798212D8250BF86C0035BB55 /* Release */,
			);
			defaultConfigurationIsVisible = 0;
			defaultConfigurationName = Release;
		};
/* End XCConfigurationList section */
	};
	rootObject = 798212BF250BF86B0035BB55 /* Project object */;
}
